
Microsoft Visual Studio Solution File, Format Version 12.00
# Visual Studio 15
VisualStudioVersion = 15.0.27130.2010
MinimumVisualStudioVersion = 10.0.40219.1
Project("{FAE04EC0-301F-11D3-BF4B-00C04F79EFBC}") = "WebApplication9", "WebApplication9\WebApplication9.csproj", "{A1335520-51B5-4C98-A0A6-57CABBF0C440}"
EndProject
Global
	GlobalSection(SolutionConfigurationPlatforms) = preSolution
		Debug|Any CPU = Debug|Any CPU
		Release|Any CPU = Release|Any CPU
	EndGlobalSection
	GlobalSection(ProjectConfigurationPlatforms) = postSolution
		{A1335520-51B5-4C98-A0A6-57CABBF0C440}.Debug|Any CPU.ActiveCfg = Debug|Any CPU
		{A1335520-51B5-4C98-A0A6-57CABBF0C440}.Debug|Any CPU.Build.0 = Debug|Any CPU
		{A1335520-51B5-4C98-A0A6-57CABBF0C440}.Release|Any CPU.ActiveCfg = Release|Any CPU
		{A1335520-51B5-4C98-A0A6-57CABBF0C440}.Release|Any CPU.Build.0 = Release|Any CPU
	EndGlobalSection
	GlobalSection(SolutionProperties) = preSolution
		HideSolutionNode = FALSE
	EndGlobalSection
	GlobalSection(ExtensibilityGlobals) = postSolution
		SolutionGuid = {BF7638D8-A3DD-46B6-B203-C0F7DB6D0616}
	EndGlobalSection
EndGlobal
